
Microsoft Visual Studio Solution File, Format Version 12.00
# Visual Studio 15
VisualStudioVersion = 15.0.27703.2018
MinimumVisualStudioVersion = 10.0.40219.1
Project("{9A19103F-16F7-4668-BE54-9A1E7A4F7556}") = "CheeseMVC", "CheeseMVC.csproj", "{39A0202E-6A73-4370-872F-79BAEFA5ACF1}"
EndProject
Global
	GlobalSection(SolutionConfigurationPlatforms) = preSolution
		Debug|Any CPU = Debug|Any CPU
		Release|Any CPU = Release|Any CPU
	EndGlobalSection
	GlobalSection(ProjectConfigurationPlatforms) = postSolution
		{39A0202E-6A73-4370-872F-79BAEFA5ACF1}.Debug|Any CPU.ActiveCfg = Debug|Any CPU
		{39A0202E-6A73-4370-872F-79BAEFA5ACF1}.Debug|Any CPU.Build.0 = Debug|Any CPU
		{39A0202E-6A73-4370-872F-79BAEFA5ACF1}.Release|Any CPU.ActiveCfg = Release|Any CPU
		{39A0202E-6A73-4370-872F-79BAEFA5ACF1}.Release|Any CPU.Build.0 = Release|Any CPU
	EndGlobalSection
	GlobalSection(SolutionProperties) = preSolution
		HideSolutionNode = FALSE
	EndGlobalSection
	GlobalSection(ExtensibilityGlobals) = postSolution
		SolutionGuid = {2A94902F-20DE-4885-8475-28BA58132E2E}
	EndGlobalSection
EndGlobal
